
Microsoft Visual Studio Solution File, Format Version 12.00
# Visual Studio Version 17
VisualStudioVersion = 17.10.34928.147
MinimumVisualStudioVersion = 10.0.40219.1
Project("{FAE04EC0-301F-11D3-BF4B-00C04F79EFBC}") = "Registros De Vendas", "Vendas\Registros De Vendas.csproj", "{96C94FAE-3349-4D18-B372-9B2AA06166C9}"
EndProject
Project("{FAE04EC0-301F-11D3-BF4B-00C04F79EFBC}") = "Regras De Negocio", "Regras De Negocio\Regras De Negocio.csproj", "{A990E4A1-5951-488F-8177-839A81C0C3F4}"
EndProject
Project("{FAE04EC0-301F-11D3-BF4B-00C04F79EFBC}") = "Advinhação", "Advinhação\Advinhação.csproj", "{96295B86-E14D-4371-9498-214AF207B5B1}"
EndProject
Global
	GlobalSection(SolutionConfigurationPlatforms) = preSolution
		Debug|Any CPU = Debug|Any CPU
		Release|Any CPU = Release|Any CPU
	EndGlobalSection
	GlobalSection(ProjectConfigurationPlatforms) = postSolution
		{96C94FAE-3349-4D18-B372-9B2AA06166C9}.Debug|Any CPU.ActiveCfg = Debug|Any CPU
		{96C94FAE-3349-4D18-B372-9B2AA06166C9}.Debug|Any CPU.Build.0 = Debug|Any CPU
		{96C94FAE-3349-4D18-B372-9B2AA06166C9}.Release|Any CPU.ActiveCfg = Release|Any CPU
		{96C94FAE-3349-4D18-B372-9B2AA06166C9}.Release|Any CPU.Build.0 = Release|Any CPU
		{A990E4A1-5951-488F-8177-839A81C0C3F4}.Debug|Any CPU.ActiveCfg = Debug|Any CPU
		{A990E4A1-5951-488F-8177-839A81C0C3F4}.Debug|Any CPU.Build.0 = Debug|Any CPU
		{A990E4A1-5951-488F-8177-839A81C0C3F4}.Release|Any CPU.ActiveCfg = Release|Any CPU
		{A990E4A1-5951-488F-8177-839A81C0C3F4}.Release|Any CPU.Build.0 = Release|Any CPU
		{96295B86-E14D-4371-9498-214AF207B5B1}.Debug|Any CPU.ActiveCfg = Debug|Any CPU
		{96295B86-E14D-4371-9498-214AF207B5B1}.Debug|Any CPU.Build.0 = Debug|Any CPU
		{96295B86-E14D-4371-9498-214AF207B5B1}.Release|Any CPU.ActiveCfg = Release|Any CPU
		{96295B86-E14D-4371-9498-214AF207B5B1}.Release|Any CPU.Build.0 = Release|Any CPU
	EndGlobalSection
	GlobalSection(SolutionProperties) = preSolution
		HideSolutionNode = FALSE
	EndGlobalSection
	GlobalSection(ExtensibilityGlobals) = postSolution
		SolutionGuid = {349AFF81-B5C3-46DB-91BA-12FB68BB5D3A}
	EndGlobalSection
EndGlobal
