
Microsoft Visual Studio Solution File, Format Version 12.00
# Visual Studio Version 17
VisualStudioVersion = 17.10.34928.147
MinimumVisualStudioVersion = 10.0.40219.1
Project("{FAE04EC0-301F-11D3-BF4B-00C04F79EFBC}") = "classeThread", "classeThread\classeThread.csproj", "{53133F01-A696-40FE-8931-8AD8B2F649D5}"
EndProject
Project("{FAE04EC0-301F-11D3-BF4B-00C04F79EFBC}") = "threadForms", "threadForms\threadForms.csproj", "{A8B363D8-1E4B-406B-BDE3-57D881EC27FF}"
EndProject
Project("{FAE04EC0-301F-11D3-BF4B-00C04F79EFBC}") = "TaskConsole", "TaskConsole\TaskConsole.csproj", "{BDC0880D-F4D4-4365-A826-E96038CCCAD0}"
EndProject
Global
	GlobalSection(SolutionConfigurationPlatforms) = preSolution
		Debug|Any CPU = Debug|Any CPU
		Release|Any CPU = Release|Any CPU
	EndGlobalSection
	GlobalSection(ProjectConfigurationPlatforms) = postSolution
		{53133F01-A696-40FE-8931-8AD8B2F649D5}.Debug|Any CPU.ActiveCfg = Debug|Any CPU
		{53133F01-A696-40FE-8931-8AD8B2F649D5}.Debug|Any CPU.Build.0 = Debug|Any CPU
		{53133F01-A696-40FE-8931-8AD8B2F649D5}.Release|Any CPU.ActiveCfg = Release|Any CPU
		{53133F01-A696-40FE-8931-8AD8B2F649D5}.Release|Any CPU.Build.0 = Release|Any CPU
		{A8B363D8-1E4B-406B-BDE3-57D881EC27FF}.Debug|Any CPU.ActiveCfg = Debug|Any CPU
		{A8B363D8-1E4B-406B-BDE3-57D881EC27FF}.Debug|Any CPU.Build.0 = Debug|Any CPU
		{A8B363D8-1E4B-406B-BDE3-57D881EC27FF}.Release|Any CPU.ActiveCfg = Release|Any CPU
		{A8B363D8-1E4B-406B-BDE3-57D881EC27FF}.Release|Any CPU.Build.0 = Release|Any CPU
		{BDC0880D-F4D4-4365-A826-E96038CCCAD0}.Debug|Any CPU.ActiveCfg = Debug|Any CPU
		{BDC0880D-F4D4-4365-A826-E96038CCCAD0}.Debug|Any CPU.Build.0 = Debug|Any CPU
		{BDC0880D-F4D4-4365-A826-E96038CCCAD0}.Release|Any CPU.ActiveCfg = Release|Any CPU
		{BDC0880D-F4D4-4365-A826-E96038CCCAD0}.Release|Any CPU.Build.0 = Release|Any CPU
	EndGlobalSection
	GlobalSection(SolutionProperties) = preSolution
		HideSolutionNode = FALSE
	EndGlobalSection
	GlobalSection(ExtensibilityGlobals) = postSolution
		SolutionGuid = {4FCC1DB0-7EC6-468F-B3BA-1AEDEC2B7C4D}
	EndGlobalSection
EndGlobal
